
Microsoft Visual Studio Solution File, Format Version 12.00
# Visual Studio Version 17
VisualStudioVersion = 17.6.33712.159
MinimumVisualStudioVersion = 10.0.40219.1
Project("{FAE04EC0-301F-11D3-BF4B-00C04F79EFBC}") = "PM2E10704.Android", "PM2E10704.Android\PM2E10704.Android.csproj", "{9467D065-CA02-46A2-AAE3-439DCCBBEBB2}"
EndProject
Project("{FAE04EC0-301F-11D3-BF4B-00C04F79EFBC}") = "PM2E10704", "PM2E10704\PM2E10704.csproj", "{91F33283-1236-4E73-8DCA-2C29929BF770}"
EndProject
Global
	GlobalSection(SolutionConfigurationPlatforms) = preSolution
		Debug|Any CPU = Debug|Any CPU
		Release|Any CPU = Release|Any CPU
	EndGlobalSection
	GlobalSection(ProjectConfigurationPlatforms) = postSolution
		{9467D065-CA02-46A2-AAE3-439DCCBBEBB2}.Debug|Any CPU.ActiveCfg = Debug|Any CPU
		{9467D065-CA02-46A2-AAE3-439DCCBBEBB2}.Debug|Any CPU.Build.0 = Debug|Any CPU
		{9467D065-CA02-46A2-AAE3-439DCCBBEBB2}.Debug|Any CPU.Deploy.0 = Debug|Any CPU
		{9467D065-CA02-46A2-AAE3-439DCCBBEBB2}.Release|Any CPU.ActiveCfg = Release|Any CPU
		{9467D065-CA02-46A2-AAE3-439DCCBBEBB2}.Release|Any CPU.Build.0 = Release|Any CPU
		{9467D065-CA02-46A2-AAE3-439DCCBBEBB2}.Release|Any CPU.Deploy.0 = Release|Any CPU
		{91F33283-1236-4E73-8DCA-2C29929BF770}.Debug|Any CPU.ActiveCfg = Debug|Any CPU
		{91F33283-1236-4E73-8DCA-2C29929BF770}.Debug|Any CPU.Build.0 = Debug|Any CPU
		{91F33283-1236-4E73-8DCA-2C29929BF770}.Debug|Any CPU.Deploy.0 = Debug|Any CPU
		{91F33283-1236-4E73-8DCA-2C29929BF770}.Release|Any CPU.ActiveCfg = Release|Any CPU
		{91F33283-1236-4E73-8DCA-2C29929BF770}.Release|Any CPU.Build.0 = Release|Any CPU
		{91F33283-1236-4E73-8DCA-2C29929BF770}.Release|Any CPU.Deploy.0 = Release|Any CPU
	EndGlobalSection
	GlobalSection(SolutionProperties) = preSolution
		HideSolutionNode = FALSE
	EndGlobalSection
	GlobalSection(ExtensibilityGlobals) = postSolution
		SolutionGuid = {2A905E3C-ADEE-47C9-81FF-38C20425591F}
	EndGlobalSection
EndGlobal
